
Microsoft Visual Studio Solution File, Format Version 12.00
# Visual Studio Version 16
VisualStudioVersion = 16.0.30503.244
MinimumVisualStudioVersion = 10.0.40219.1
Project("{FAE04EC0-301F-11D3-BF4B-00C04F79EFBC}") = "TpDojo", "TpDojo\TpDojo.csproj", "{B80E2FA5-2A50-4126-9E92-C77A324CDAEA}"
EndProject
Project("{FAE04EC0-301F-11D3-BF4B-00C04F79EFBC}") = "BO", "BO\BO.csproj", "{0BBA0441-0AB7-4112-946B-521C9CEC7367}"
EndProject
Project("{FAE04EC0-301F-11D3-BF4B-00C04F79EFBC}") = "Demo11", "..\ENI-RCDA0008F-master\Demo11\Demo11.csproj", "{E15561CD-26D0-4C51-A531-EDFE87F55325}"
EndProject
Project("{FAE04EC0-301F-11D3-BF4B-00C04F79EFBC}") = "Demo10", "..\ENI-RCDA0008F-master\Demo10\Demo10.csproj", "{58960C4E-458A-456D-9B55-5C928C2FE1BF}"
EndProject
Global
	GlobalSection(SolutionConfigurationPlatforms) = preSolution
		Debug|Any CPU = Debug|Any CPU
		Release|Any CPU = Release|Any CPU
	EndGlobalSection
	GlobalSection(ProjectConfigurationPlatforms) = postSolution
		{B80E2FA5-2A50-4126-9E92-C77A324CDAEA}.Debug|Any CPU.ActiveCfg = Debug|Any CPU
		{B80E2FA5-2A50-4126-9E92-C77A324CDAEA}.Debug|Any CPU.Build.0 = Debug|Any CPU
		{B80E2FA5-2A50-4126-9E92-C77A324CDAEA}.Release|Any CPU.ActiveCfg = Release|Any CPU
		{B80E2FA5-2A50-4126-9E92-C77A324CDAEA}.Release|Any CPU.Build.0 = Release|Any CPU
		{0BBA0441-0AB7-4112-946B-521C9CEC7367}.Debug|Any CPU.ActiveCfg = Debug|Any CPU
		{0BBA0441-0AB7-4112-946B-521C9CEC7367}.Debug|Any CPU.Build.0 = Debug|Any CPU
		{0BBA0441-0AB7-4112-946B-521C9CEC7367}.Release|Any CPU.ActiveCfg = Release|Any CPU
		{0BBA0441-0AB7-4112-946B-521C9CEC7367}.Release|Any CPU.Build.0 = Release|Any CPU
		{E15561CD-26D0-4C51-A531-EDFE87F55325}.Debug|Any CPU.ActiveCfg = Debug|Any CPU
		{E15561CD-26D0-4C51-A531-EDFE87F55325}.Debug|Any CPU.Build.0 = Debug|Any CPU
		{E15561CD-26D0-4C51-A531-EDFE87F55325}.Release|Any CPU.ActiveCfg = Release|Any CPU
		{E15561CD-26D0-4C51-A531-EDFE87F55325}.Release|Any CPU.Build.0 = Release|Any CPU
		{58960C4E-458A-456D-9B55-5C928C2FE1BF}.Debug|Any CPU.ActiveCfg = Debug|Any CPU
		{58960C4E-458A-456D-9B55-5C928C2FE1BF}.Debug|Any CPU.Build.0 = Debug|Any CPU
		{58960C4E-458A-456D-9B55-5C928C2FE1BF}.Release|Any CPU.ActiveCfg = Release|Any CPU
		{58960C4E-458A-456D-9B55-5C928C2FE1BF}.Release|Any CPU.Build.0 = Release|Any CPU
	EndGlobalSection
	GlobalSection(SolutionProperties) = preSolution
		HideSolutionNode = FALSE
	EndGlobalSection
	GlobalSection(ExtensibilityGlobals) = postSolution
		SolutionGuid = {24129C7D-2287-46BD-ACA8-E2BDAD210B43}
	EndGlobalSection
EndGlobal
